Microsoft Visual Studio Solution File, Format Version 11.00
# Visual Studio 2010
Project("{FAE04EC0-301F-11D3-BF4B-00C04F79EFBC}") = "LayoutPanel_Content_Ex", "LayoutPanel_Content_Ex\LayoutPanel_Content_Ex.csproj", "{BA7D7B5A-8168-4FE9-BEE7-8B6AD71A23CA}"
EndProject
Global
	GlobalSection(SolutionConfigurationPlatforms) = preSolution
		Debug|Any CPU = Debug|Any CPU
		Release|Any CPU = Release|Any CPU
	EndGlobalSection
	GlobalSection(ProjectConfigurationPlatforms) = postSolution
		{BA7D7B5A-8168-4FE9-BEE7-8B6AD71A23CA}.Debug|Any CPU.ActiveCfg = Debug|Any CPU
		{BA7D7B5A-8168-4FE9-BEE7-8B6AD71A23CA}.Debug|Any CPU.Build.0 = Debug|Any CPU
		{BA7D7B5A-8168-4FE9-BEE7-8B6AD71A23CA}.Release|Any CPU.ActiveCfg = Release|Any CPU
		{BA7D7B5A-8168-4FE9-BEE7-8B6AD71A23CA}.Release|Any CPU.Build.0 = Release|Any CPU
	EndGlobalSection
	GlobalSection(SolutionProperties) = preSolution
		HideSolutionNode = FALSE
	EndGlobalSection
EndGlobal
